// !$*UTF8*$!
{
	archiveVersion = 1;
	classes = {
	};
	objectVersion = 50;
	objects = {

/* Begin PBXBuildFile section */
		DE9F0AC1268BC725005D804C /* AppDelegate.swift in Sources */ = {isa = PBXBuildFile; fileRef = DE9F0AC0268BC725005D804C /* AppDelegate.swift */; };
		DE9F0AC3268BC725005D804C /* SceneDelegate.swift in Sources */ = {isa = PBXBuildFile; fileRef = DE9F0AC2268BC725005D804C /* SceneDelegate.swift */; };
		DE9F0AC5268BC725005D804C /* ViewController.swift in Sources */ = {isa = PBXBuildFile; fileRef = DE9F0AC4268BC725005D804C /* ViewController.swift */; };
		DE9F0AC8268BC725005D804C /* Main.storyboard in Resources */ = {isa = PBXBuildFile; fileRef = DE9F0AC6268BC725005D804C /* Main.storyboard */; };
		DE9F0ACA268BC726005D804C /* Assets.xcassets in Resources */ = {isa = PBXBuildFile; fileRef = DE9F0AC9268BC726005D804C /* Assets.xcassets */; };
		DE9F0ACD268BC726005D804C /* LaunchScreen.storyboard in Resources */ = {isa = PBXBuildFile; fileRef = DE9F0ACB268BC726005D804C /* LaunchScreen.storyboard */; };
		DE9F0AD8268BD088005D804C /* PokemonPresenter.swift in Sources */ = {isa = PBXBuildFile; fileRef = DE9F0AD7268BD088005D804C /* PokemonPresenter.swift */; };
		DE9F0ADA268BD606005D804C /* PokemonData.swift in Sources */ = {isa = PBXBuildFile; fileRef = DE9F0AD9268BD606005D804C /* PokemonData.swift */; };
		DE9F0ADC268BD782005D804C /* Pokemon.swift in Sources */ = {isa = PBXBuildFile; fileRef = DE9F0ADB268BD782005D804C /* Pokemon.swift */; };
		DE9F0ADE268BD839005D804C /* PokemonDetail.swift in Sources */ = {isa = PBXBuildFile; fileRef = DE9F0ADD268BD839005D804C /* PokemonDetail.swift */; };
		DE9F0AE0268BD988005D804C /* AbilityArray.swift in Sources */ = {isa = PBXBuildFile; fileRef = DE9F0ADF268BD988005D804C /* AbilityArray.swift */; };
		DE9F0AE2268BD9DC005D804C /* Ability.swift in Sources */ = {isa = PBXBuildFile; fileRef = DE9F0AE1268BD9DC005D804C /* Ability.swift */; };
		DE9F0AE4268BDA5D005D804C /* Sprite.swift in Sources */ = {isa = PBXBuildFile; fileRef = DE9F0AE3268BDA5D005D804C /* Sprite.swift */; };
		DE9F0AE6268BDAC2005D804C /* TypeArray.swift in Sources */ = {isa = PBXBuildFile; fileRef = DE9F0AE5268BDAC2005D804C /* TypeArray.swift */; };
		DE9F0AE8268BDB14005D804C /* Type.swift in Sources */ = {isa = PBXBuildFile; fileRef = DE9F0AE7268BDB14005D804C /* Type.swift */; };
		DE9F0AEA268BE1DC005D804C /* PokemonModel.swift in Sources */ = {isa = PBXBuildFile; fileRef = DE9F0AE9268BE1DC005D804C /* PokemonModel.swift */; };
/* End PBXBuildFile section */

/* Begin PBXFileReference section */
		DE9F0ABD268BC725005D804C /* PokeDex.app */ = {isa = PBXFileReference; explicitFileType = wrapper.application; includeInIndex = 0; path = PokeDex.app; sourceTree = BUILT_PRODUCTS_DIR; };
		DE9F0AC0268BC725005D804C /* AppDelegate.swift */ = {isa = PBXFileReference; lastKnownFileType = sourcecode.swift; path = AppDelegate.swift; sourceTree = "<group>"; };
		DE9F0AC2268BC725005D804C /* SceneDelegate.swift */ = {isa = PBXFileReference; lastKnownFileType = sourcecode.swift; path = SceneDelegate.swift; sourceTree = "<group>"; };
		DE9F0AC4268BC725005D804C /* ViewController.swift */ = {isa = PBXFileReference; lastKnownFileType = sourcecode.swift; path = ViewController.swift; sourceTree = "<group>"; };
		DE9F0AC7268BC725005D804C /* Base */ = {isa = PBXFileReference; lastKnownFileType = file.storyboard; name = Base; path = Base.lproj/Main.storyboard; sourceTree = "<group>"; };
		DE9F0AC9268BC726005D804C /* Assets.xcassets */ = {isa = PBXFileReference; lastKnownFileType = folder.assetcatalog; path = Assets.xcassets; sourceTree = "<group>"; };
		DE9F0ACC268BC726005D804C /* Base */ = {isa = PBXFileReference; lastKnownFileType = file.storyboard; name = Base; path = Base.lproj/LaunchScreen.storyboard; sourceTree = "<group>"; };
		DE9F0ACE268BC726005D804C /* Info.plist */ = {isa = PBXFileReference; lastKnownFileType = text.plist.xml; path = Info.plist; sourceTree = "<group>"; };
		DE9F0AD7268BD088005D804C /* PokemonPresenter.swift */ = {isa = PBXFileReference; lastKnownFileType = sourcecode.swift; path = PokemonPresenter.swift; sourceTree = "<group>"; };
		DE9F0AD9268BD606005D804C /* PokemonData.swift */ = {isa = PBXFileReference; lastKnownFileType = sourcecode.swift; path = PokemonData.swift; sourceTree = "<group>"; };
		DE9F0ADB268BD782005D804C /* Pokemon.swift */ = {isa = PBXFileReference; lastKnownFileType = sourcecode.swift; path = Pokemon.swift; sourceTree = "<group>"; };
		DE9F0ADD268BD839005D804C /* PokemonDetail.swift */ = {isa = PBXFileReference; lastKnownFileType = sourcecode.swift; path = PokemonDetail.swift; sourceTree = "<group>"; };
		DE9F0ADF268BD988005D804C /* AbilityArray.swift */ = {isa = PBXFileReference; lastKnownFileType = sourcecode.swift; path = AbilityArray.swift; sourceTree = "<group>"; };
		DE9F0AE1268BD9DC005D804C /* Ability.swift */ = {isa = PBXFileReference; lastKnownFileType = sourcecode.swift; path = Ability.swift; sourceTree = "<group>"; };
		DE9F0AE3268BDA5D005D804C /* Sprite.swift */ = {isa = PBXFileReference; lastKnownFileType = sourcecode.swift; path = Sprite.swift; sourceTree = "<group>"; };
		DE9F0AE5268BDAC2005D804C /* TypeArray.swift */ = {isa = PBXFileReference; lastKnownFileType = sourcecode.swift; path = TypeArray.swift; sourceTree = "<group>"; };
		DE9F0AE7268BDB14005D804C /* Type.swift */ = {isa = PBXFileReference; lastKnownFileType = sourcecode.swift; path = Type.swift; sourceTree = "<group>"; };
		DE9F0AE9268BE1DC005D804C /* PokemonModel.swift */ = {isa = PBXFileReference; lastKnownFileType = sourcecode.swift; path = PokemonModel.swift; sourceTree = "<group>"; };
/* End PBXFileReference section */

/* Begin PBXFrameworksBuildPhase section */
		DE9F0ABA268BC725005D804C /* Frameworks */ = {
			isa = PBXFrameworksBuildPhase;
			buildActionMask = 2147483647;
			files = (
			);
			runOnlyForDeploymentPostprocessing = 0;
		};
/* End PBXFrameworksBuildPhase section */

/* Begin PBXGroup section */
		DE9F0AB4268BC725005D804C = {
			isa = PBXGroup;
			children = (
				DE9F0ABF268BC725005D804C /* PokeDex */,
				DE9F0ABE268BC725005D804C /* Products */,
			);
			sourceTree = "<group>";
		};
		DE9F0ABE268BC725005D804C /* Products */ = {
			isa = PBXGroup;
			children = (
				DE9F0ABD268BC725005D804C /* PokeDex.app */,
			);
			name = Products;
			sourceTree = "<group>";
		};
		DE9F0ABF268BC725005D804C /* PokeDex */ = {
			isa = PBXGroup;
			children = (
				DE9F0AD4268BD033005D804C /* Model */,
				DE9F0AD5268BD03D005D804C /* View */,
				DE9F0AD6268BD04B005D804C /* Presenter */,
				DE9F0AC0268BC725005D804C /* AppDelegate.swift */,
				DE9F0AC2268BC725005D804C /* SceneDelegate.swift */,
				DE9F0AC6268BC725005D804C /* Main.storyboard */,
				DE9F0AC9268BC726005D804C /* Assets.xcassets */,
				DE9F0ACB268BC726005D804C /* LaunchScreen.storyboard */,
				DE9F0ACE268BC726005D804C /* Info.plist */,
			);
			path = PokeDex;
			sourceTree = "<group>";
		};
		DE9F0AD4268BD033005D804C /* Model */ = {
			isa = PBXGroup;
			children = (
				DE9F0AD9268BD606005D804C /* PokemonData.swift */,
				DE9F0ADB268BD782005D804C /* Pokemon.swift */,
				DE9F0ADD268BD839005D804C /* PokemonDetail.swift */,
				DE9F0ADF268BD988005D804C /* AbilityArray.swift */,
				DE9F0AE1268BD9DC005D804C /* Ability.swift */,
				DE9F0AE3268BDA5D005D804C /* Sprite.swift */,
				DE9F0AE5268BDAC2005D804C /* TypeArray.swift */,
				DE9F0AE7268BDB14005D804C /* Type.swift */,
				DE9F0AE9268BE1DC005D804C /* PokemonModel.swift */,
			);
			path = Model;
			sourceTree = "<group>";
		};
		DE9F0AD5268BD03D005D804C /* View */ = {
			isa = PBXGroup;
			children = (
				DE9F0AC4268BC725005D804C /* ViewController.swift */,
			);
			path = View;
			sourceTree = "<group>";
		};
		DE9F0AD6268BD04B005D804C /* Presenter */ = {
			isa = PBXGroup;
			children = (
				DE9F0AD7268BD088005D804C /* PokemonPresenter.swift */,
			);
			path = Presenter;
			sourceTree = "<group>";
		};
/* End PBXGroup section */

/* Begin PBXNativeTarget section */
		DE9F0ABC268BC725005D804C /* PokeDex */ = {
			isa = PBXNativeTarget;
			buildConfigurationList = DE9F0AD1268BC726005D804C /* Build configuration list for PBXNativeTarget "PokeDex" */;
			buildPhases = (
				DE9F0AB9268BC725005D804C /* Sources */,
				DE9F0ABA268BC725005D804C /* Frameworks */,
				DE9F0ABB268BC725005D804C /* Resources */,
			);
			buildRules = (
			);
			dependencies = (
			);
			name = PokeDex;
			productName = PokeDex;
			productReference = DE9F0ABD268BC725005D804C /* PokeDex.app */;
			productType = "com.apple.product-type.application";
		};
/* End PBXNativeTarget section */

/* Begin PBXProject section */
		DE9F0AB5268BC725005D804C /* Project object */ = {
			isa = PBXProject;
			attributes = {
				LastSwiftUpdateCheck = 1250;
				LastUpgradeCheck = 1250;
				TargetAttributes = {
					DE9F0ABC268BC725005D804C = {
						CreatedOnToolsVersion = 12.5;
					};
				};
			};
			buildConfigurationList = DE9F0AB8268BC725005D804C /* Build configuration list for PBXProject "PokeDex" */;
			compatibilityVersion = "Xcode 9.3";
			developmentRegion = en;
			hasScannedForEncodings = 0;
			knownRegions = (
				en,
				Base,
			);
			mainGroup = DE9F0AB4268BC725005D804C;
			productRefGroup = DE9F0ABE268BC725005D804C /* Products */;
			projectDirPath = "";
			projectRoot = "";
			targets = (
				DE9F0ABC268BC725005D804C /* PokeDex */,
			);
		};
/* End PBXProject section */

/* Begin PBXResourcesBuildPhase section */
		DE9F0ABB268BC725005D804C /* Resources */ = {
			isa = PBXResourcesBuildPhase;
			buildActionMask = 2147483647;
			files = (
				DE9F0ACD268BC726005D804C /* LaunchScreen.storyboard in Resources */,
				DE9F0ACA268BC726005D804C /* Assets.xcassets in Resources */,
				DE9F0AC8268BC725005D804C /* Main.storyboard in Resources */,
			);
			runOnlyForDeploymentPostprocessing = 0;
		};
/* End PBXResourcesBuildPhase section */

/* Begin PBXSourcesBuildPhase section */
		DE9F0AB9268BC725005D804C /* Sources */ = {
			isa = PBXSourcesBuildPhase;
			buildActionMask = 2147483647;
			files = (
				DE9F0AE4268BDA5D005D804C /* Sprite.swift in Sources */,
				DE9F0AEA268BE1DC005D804C /* PokemonModel.swift in Sources */,
				DE9F0AC5268BC725005D804C /* ViewController.swift in Sources */,
				DE9F0AE2268BD9DC005D804C /* Ability.swift in Sources */,
				DE9F0AE6268BDAC2005D804C /* TypeArray.swift in Sources */,
				DE9F0AC1268BC725005D804C /* AppDelegate.swift in Sources */,
				DE9F0AE0268BD988005D804C /* AbilityArray.swift in Sources */,
				DE9F0ADE268BD839005D804C /* PokemonDetail.swift in Sources */,
				DE9F0AD8268BD088005D804C /* PokemonPresenter.swift in Sources */,
				DE9F0AC3268BC725005D804C /* SceneDelegate.swift in Sources */,
				DE9F0ADA268BD606005D804C /* PokemonData.swift in Sources */,
				DE9F0ADC268BD782005D804C /* Pokemon.swift in Sources */,
				DE9F0AE8268BDB14005D804C /* Type.swift in Sources */,
			);
			runOnlyForDeploymentPostprocessing = 0;
		};
/* End PBXSourcesBuildPhase section */

/* Begin PBXVariantGroup section */
		DE9F0AC6268BC725005D804C /* Main.storyboard */ = {
			isa = PBXVariantGroup;
			children = (
				DE9F0AC7268BC725005D804C /* Base */,
			);
			name = Main.storyboard;
			sourceTree = "<group>";
		};
		DE9F0ACB268BC726005D804C /* LaunchScreen.storyboard */ = {
			isa = PBXVariantGroup;
			children = (
				DE9F0ACC268BC726005D804C /* Base */,
			);
			name = LaunchScreen.storyboard;
			sourceTree = "<group>";
		};
/* End PBXVariantGroup section */

/* Begin XCBuildConfiguration section */
		DE9F0ACF268BC726005D804C /* Debug */ = {
			isa = XCBuildConfiguration;
			buildSettings = {
				ALWAYS_SEARCH_USER_PATHS = NO;
				CLANG_ANALYZER_NONNULL = YES;
				CLANG_ANALYZER_NUMBER_OBJECT_CONVERSION = YES_AGGRESSIVE;
				CLANG_CXX_LANGUAGE_STANDARD = "gnu++14";
				CLANG_CXX_LIBRARY = "libc++";
				CLANG_ENABLE_MODULES = YES;
				CLANG_ENABLE_OBJC_ARC = YES;
				CLANG_ENABLE_OBJC_WEAK = YES;
				CLANG_WARN_BLOCK_CAPTURE_AUTORELEASING = YES;
				CLANG_WARN_BOOL_CONVERSION = YES;
				CLANG_WARN_COMMA = YES;
				CLANG_WARN_CONSTANT_CONVERSION = YES;
				CLANG_WARN_DEPRECATED_OBJC_IMPLEMENTATIONS = YES;
				CLANG_WARN_DIRECT_OBJC_ISA_USAGE = YES_ERROR;
				CLANG_WARN_DOCUMENTATION_COMMENTS = YES;
				CLANG_WARN_EMPTY_BODY = YES;
				CLANG_WARN_ENUM_CONVERSION = YES;
				CLANG_WARN_INFINITE_RECURSION = YES;
				CLANG_WARN_INT_CONVERSION = YES;
				CLANG_WARN_NON_LITERAL_NULL_CONVERSION = YES;
				CLANG_WARN_OBJC_IMPLICIT_RETAIN_SELF = YES;
				CLANG_WARN_OBJC_LITERAL_CONVERSION = YES;
				CLANG_WARN_OBJC_ROOT_CLASS = YES_ERROR;
				CLANG_WARN_QUOTED_INCLUDE_IN_FRAMEWORK_HEADER = YES;
				CLANG_WARN_RANGE_LOOP_ANALYSIS = YES;
				CLANG_WARN_STRICT_PROTOTYPES = YES;
				CLANG_WARN_SUSPICIOUS_MOVE = YES;
				CLANG_WARN_UNGUARDED_AVAILABILITY = YES_AGGRESSIVE;
				CLANG_WARN_UNREACHABLE_CODE = YES;
				CLANG_WARN__DUPLICATE_METHOD_MATCH = YES;
				COPY_PHASE_STRIP = NO;
				DEBUG_INFORMATION_FORMAT = dwarf;
				ENABLE_STRICT_OBJC_MSGSEND = YES;
				ENABLE_TESTABILITY = YES;
				GCC_C_LANGUAGE_STANDARD = gnu11;
				GCC_DYNAMIC_NO_PIC = NO;
				GCC_NO_COMMON_BLOCKS = YES;
				GCC_OPTIMIZATION_LEVEL = 0;
				GCC_PREPROCESSOR_DEFINITIONS = (
					"DEBUG=1",
					"$(inherited)",
				);
				GCC_WARN_64_TO_32_BIT_CONVERSION = YES;
				GCC_WARN_ABOUT_RETURN_TYPE = YES_ERROR;
				GCC_WARN_UNDECLARED_SELECTOR = YES;
				GCC_WARN_UNINITIALIZED_AUTOS = YES_AGGRESSIVE;
				GCC_WARN_UNUSED_FUNCTION = YES;
				GCC_WARN_UNUSED_VARIABLE = YES;
				IPHONEOS_DEPLOYMENT_TARGET = 14.5;
				MTL_ENABLE_DEBUG_INFO = INCLUDE_SOURCE;
				MTL_FAST_MATH = YES;
				ONLY_ACTIVE_ARCH = YES;
				SDKROOT = iphoneos;
				SWIFT_ACTIVE_COMPILATION_CONDITIONS = DEBUG;
				SWIFT_OPTIMIZATION_LEVEL = "-Onone";
			};
			name = Debug;
		};
		DE9F0AD0268BC726005D804C /* Release */ = {
			isa = XCBuildConfiguration;
			buildSettings = {
				ALWAYS_SEARCH_USER_PATHS = NO;
				CLANG_ANALYZER_NONNULL = YES;
				CLANG_ANALYZER_NUMBER_OBJECT_CONVERSION = YES_AGGRESSIVE;
				CLANG_CXX_LANGUAGE_STANDARD = "gnu++14";
				CLANG_CXX_LIBRARY = "libc++";
				CLANG_ENABLE_MODULES = YES;
				CLANG_ENABLE_OBJC_ARC = YES;
				CLANG_ENABLE_OBJC_WEAK = YES;
				CLANG_WARN_BLOCK_CAPTURE_AUTORELEASING = YES;
				CLANG_WARN_BOOL_CONVERSION = YES;
				CLANG_WARN_COMMA = YES;
				CLANG_WARN_CONSTANT_CONVERSION = YES;
				CLANG_WARN_DEPRECATED_OBJC_IMPLEMENTATIONS = YES;
				CLANG_WARN_DIRECT_OBJC_ISA_USAGE = YES_ERROR;
				CLANG_WARN_DOCUMENTATION_COMMENTS = YES;
				CLANG_WARN_EMPTY_BODY = YES;
				CLANG_WARN_ENUM_CONVERSION = YES;
				CLANG_WARN_INFINITE_RECURSION = YES;
				CLANG_WARN_INT_CONVERSION = YES;
				CLANG_WARN_NON_LITERAL_NULL_CONVERSION = YES;
				CLANG_WARN_OBJC_IMPLICIT_RETAIN_SELF = YES;
				CLANG_WARN_OBJC_LITERAL_CONVERSION = YES;
				CLANG_WARN_OBJC_ROOT_CLASS = YES_ERROR;
				CLANG_WARN_QUOTED_INCLUDE_IN_FRAMEWORK_HEADER = YES;
				CLANG_WARN_RANGE_LOOP_ANALYSIS = YES;
				CLANG_WARN_STRICT_PROTOTYPES = YES;
				CLANG_WARN_SUSPICIOUS_MOVE = YES;
				CLANG_WARN_UNGUARDED_AVAILABILITY = YES_AGGRESSIVE;
				CLANG_WARN_UNREACHABLE_CODE = YES;
				CLANG_WARN__DUPLICATE_METHOD_MATCH = YES;
				COPY_PHASE_STRIP = NO;
				DEBUG_INFORMATION_FORMAT = "dwarf-with-dsym";
				ENABLE_NS_ASSERTIONS = NO;
				ENABLE_STRICT_OBJC_MSGSEND = YES;
				GCC_C_LANGUAGE_STANDARD = gnu11;
				GCC_NO_COMMON_BLOCKS = YES;
				GCC_WARN_64_TO_32_BIT_CONVERSION = YES;
				GCC_WARN_ABOUT_RETURN_TYPE = YES_ERROR;
				GCC_WARN_UNDECLARED_SELECTOR = YES;
				GCC_WARN_UNINITIALIZED_AUTOS = YES_AGGRESSIVE;
				GCC_WARN_UNUSED_FUNCTION = YES;
				GCC_WARN_UNUSED_VARIABLE = YES;
				IPHONEOS_DEPLOYMENT_TARGET = 14.5;
				MTL_ENABLE_DEBUG_INFO = NO;
				MTL_FAST_MATH = YES;
				SDKROOT = iphoneos;
				SWIFT_COMPILATION_MODE = wholemodule;
				SWIFT_OPTIMIZATION_LEVEL = "-O";
				VALIDATE_PRODUCT = YES;
			};
			name = Release;
		};
		DE9F0AD2268BC726005D804C /* Debug */ = {
			isa = XCBuildConfiguration;
			buildSettings = {
				ASSETCATALOG_COMPILER_APPICON_NAME = AppIcon;
				ASSETCATALOG_COMPILER_GLOBAL_ACCENT_COLOR_NAME = AccentColor;
				CODE_SIGN_STYLE = Automatic;
				DEVELOPMENT_TEAM = MCZ4LP29YB;
				INFOPLIST_FILE = PokeDex/Info.plist;
				LD_RUNPATH_SEARCH_PATHS = (
					"$(inherited)",
					"@executable_path/Frameworks",
				);
				PRODUCT_BUNDLE_IDENTIFIER = com.irvo.PokeDex;
				PRODUCT_NAME = "$(TARGET_NAME)";
				SWIFT_VERSION = 5.0;
				TARGETED_DEVICE_FAMILY = "1,2";
			};
			name = Debug;
		};
		DE9F0AD3268BC726005D804C /* Release */ = {
			isa = XCBuildConfiguration;
			buildSettings = {
				ASSETCATALOG_COMPILER_APPICON_NAME = AppIcon;
				ASSETCATALOG_COMPILER_GLOBAL_ACCENT_COLOR_NAME = AccentColor;
				CODE_SIGN_STYLE = Automatic;
				DEVELOPMENT_TEAM = MCZ4LP29YB;
				INFOPLIST_FILE = PokeDex/Info.plist;
				LD_RUNPATH_SEARCH_PATHS = (
					"$(inherited)",
					"@executable_path/Frameworks",
				);
				PRODUCT_BUNDLE_IDENTIFIER = com.irvo.PokeDex;
				PRODUCT_NAME = "$(TARGET_NAME)";
				SWIFT_VERSION = 5.0;
				TARGETED_DEVICE_FAMILY = "1,2";
			};
			name = Release;
		};
/* End XCBuildConfiguration section */

/* Begin XCConfigurationList section */
		DE9F0AB8268BC725005D804C /* Build configuration list for PBXProject "PokeDex" */ = {
			isa = XCConfigurationList;
			buildConfigurations = (
				DE9F0ACF268BC726005D804C /* Debug */,
				DE9F0AD0268BC726005D804C /* Release */,
			);
			defaultConfigurationIsVisible = 0;
			defaultConfigurationName = Release;
		};
		DE9F0AD1268BC726005D804C /* Build configuration list for PBXNativeTarget "PokeDex" */ = {
			isa = XCConfigurationList;
			buildConfigurations = (
				DE9F0AD2268BC726005D804C /* Debug */,
				DE9F0AD3268BC726005D804C /* Release */,
			);
			defaultConfigurationIsVisible = 0;
			defaultConfigurationName = Release;
		};
/* End XCConfigurationList section */
	};
	rootObject = DE9F0AB5268BC725005D804C /* Project object */;
}
